
Microsoft Visual Studio Solution File, Format Version 12.00
# Visual Studio 2013
VisualStudioVersion = 12.0.40629.0
MinimumVisualStudioVersion = 10.0.40219.1
Project("{FAE04EC0-301F-11D3-BF4B-00C04F79EFBC}") = "EntityFrameworkDbFirst", "EntityFrameworkDbFirst\EntityFrameworkDbFirst.csproj", "{A0352FC6-FE05-4355-8B7D-BBF8B98AE06B}"
EndProject
Project("{FAE04EC0-301F-11D3-BF4B-00C04F79EFBC}") = "EntityFrameworkCodeFirst", "EntityFrameworkCodeFirst\EntityFrameworkCodeFirst.csproj", "{73947670-3C62-4A07-B543-DD1A06642763}"
EndProject
Project("{FAE04EC0-301F-11D3-BF4B-00C04F79EFBC}") = "EntityFrameworkCodeFirstExistingDb", "EntityFrameworkCodeFirstExistingDb\EntityFrameworkCodeFirstExistingDb.csproj", "{74504C14-9F17-4C31-A153-5822F47FC324}"
EndProject
Global
	GlobalSection(SolutionConfigurationPlatforms) = preSolution
		Debug|Any CPU = Debug|Any CPU
		Release|Any CPU = Release|Any CPU
	EndGlobalSection
	GlobalSection(ProjectConfigurationPlatforms) = postSolution
		{A0352FC6-FE05-4355-8B7D-BBF8B98AE06B}.Debug|Any CPU.ActiveCfg = Debug|Any CPU
		{A0352FC6-FE05-4355-8B7D-BBF8B98AE06B}.Debug|Any CPU.Build.0 = Debug|Any CPU
		{A0352FC6-FE05-4355-8B7D-BBF8B98AE06B}.Release|Any CPU.ActiveCfg = Release|Any CPU
		{A0352FC6-FE05-4355-8B7D-BBF8B98AE06B}.Release|Any CPU.Build.0 = Release|Any CPU
		{73947670-3C62-4A07-B543-DD1A06642763}.Debug|Any CPU.ActiveCfg = Debug|Any CPU
		{73947670-3C62-4A07-B543-DD1A06642763}.Debug|Any CPU.Build.0 = Debug|Any CPU
		{73947670-3C62-4A07-B543-DD1A06642763}.Release|Any CPU.ActiveCfg = Release|Any CPU
		{73947670-3C62-4A07-B543-DD1A06642763}.Release|Any CPU.Build.0 = Release|Any CPU
		{74504C14-9F17-4C31-A153-5822F47FC324}.Debug|Any CPU.ActiveCfg = Debug|Any CPU
		{74504C14-9F17-4C31-A153-5822F47FC324}.Debug|Any CPU.Build.0 = Debug|Any CPU
		{74504C14-9F17-4C31-A153-5822F47FC324}.Release|Any CPU.ActiveCfg = Release|Any CPU
		{74504C14-9F17-4C31-A153-5822F47FC324}.Release|Any CPU.Build.0 = Release|Any CPU
	EndGlobalSection
	GlobalSection(SolutionProperties) = preSolution
		HideSolutionNode = FALSE
	EndGlobalSection
EndGlobal
