
Microsoft Visual Studio Solution File, Format Version 12.00
# Visual Studio 14
VisualStudioVersion = 14.0.25123.0
MinimumVisualStudioVersion = 10.0.40219.1
Project("{FAE04EC0-301F-11D3-BF4B-00C04F79EFBC}") = "Highlighter", "Highlighter\Highlighter.csproj", "{FB7E5192-56C2-4F93-BD77-A1FAAA93E58A}"
EndProject
Project("{FAE04EC0-301F-11D3-BF4B-00C04F79EFBC}") = "Highlighter.Tests", "Highlighter.Tests\Highlighter.Tests.csproj", "{6FFEAA6E-A304-480D-99D7-F978EE7F84C1}"
EndProject
Global
	GlobalSection(SolutionConfigurationPlatforms) = preSolution
		Debug|Any CPU = Debug|Any CPU
		Release|Any CPU = Release|Any CPU
	EndGlobalSection
	GlobalSection(ProjectConfigurationPlatforms) = postSolution
		{FB7E5192-56C2-4F93-BD77-A1FAAA93E58A}.Debug|Any CPU.ActiveCfg = Debug|Any CPU
		{FB7E5192-56C2-4F93-BD77-A1FAAA93E58A}.Debug|Any CPU.Build.0 = Debug|Any CPU
		{FB7E5192-56C2-4F93-BD77-A1FAAA93E58A}.Release|Any CPU.ActiveCfg = Release|Any CPU
		{FB7E5192-56C2-4F93-BD77-A1FAAA93E58A}.Release|Any CPU.Build.0 = Release|Any CPU
		{6FFEAA6E-A304-480D-99D7-F978EE7F84C1}.Debug|Any CPU.ActiveCfg = Debug|Any CPU
		{6FFEAA6E-A304-480D-99D7-F978EE7F84C1}.Debug|Any CPU.Build.0 = Debug|Any CPU
		{6FFEAA6E-A304-480D-99D7-F978EE7F84C1}.Release|Any CPU.ActiveCfg = Release|Any CPU
		{6FFEAA6E-A304-480D-99D7-F978EE7F84C1}.Release|Any CPU.Build.0 = Release|Any CPU
	EndGlobalSection
	GlobalSection(SolutionProperties) = preSolution
		HideSolutionNode = FALSE
	EndGlobalSection
EndGlobal
