
Microsoft Visual Studio Solution File, Format Version 12.00
# Visual Studio 15
VisualStudioVersion = 15.0.28010.2046
MinimumVisualStudioVersion = 10.0.40219.1
Project("{FAE04EC0-301F-11D3-BF4B-00C04F79EFBC}") = "TodoWebApi.ProjectExample", "TodoWebApi.ProjectExample\TodoWebApi.ProjectExample.csproj", "{758B08B6-E36E-477D-880D-0C9BD78BCB38}"
EndProject
Global
	GlobalSection(SolutionConfigurationPlatforms) = preSolution
		Debug|Any CPU = Debug|Any CPU
		Release|Any CPU = Release|Any CPU
	EndGlobalSection
	GlobalSection(ProjectConfigurationPlatforms) = postSolution
		{758B08B6-E36E-477D-880D-0C9BD78BCB38}.Debug|Any CPU.ActiveCfg = Debug|Any CPU
		{758B08B6-E36E-477D-880D-0C9BD78BCB38}.Debug|Any CPU.Build.0 = Debug|Any CPU
		{758B08B6-E36E-477D-880D-0C9BD78BCB38}.Release|Any CPU.ActiveCfg = Release|Any CPU
		{758B08B6-E36E-477D-880D-0C9BD78BCB38}.Release|Any CPU.Build.0 = Release|Any CPU
	EndGlobalSection
	GlobalSection(SolutionProperties) = preSolution
		HideSolutionNode = FALSE
	EndGlobalSection
	GlobalSection(ExtensibilityGlobals) = postSolution
		SolutionGuid = {F065D335-F9DA-497B-B364-A9D69E75930B}
	EndGlobalSection
EndGlobal
